// !$*UTF8*$!
{
	archiveVersion = 1;
	classes = {
	};
	objectVersion = 46;
	objects = {

/* Begin PBXBuildFile section */
		4BBADC841BE27F5E008D1B2C /* JavaApplicationStub.zip in Resources */ = {isa = PBXBuildFile; fileRef = 4BBADC831BE27F5E008D1B2C /* JavaApplicationStub.zip */; };
		4BD453DA1BDAB27F00E5F8A6 /* AppDelegate.swift in Sources */ = {isa = PBXBuildFile; fileRef = 4BD453D91BDAB27F00E5F8A6 /* AppDelegate.swift */; };
		4BD453DC1BDAB27F00E5F8A6 /* ViewController.swift in Sources */ = {isa = PBXBuildFile; fileRef = 4BD453DB1BDAB27F00E5F8A6 /* ViewController.swift */; };
		4BD453DE1BDAB27F00E5F8A6 /* Assets.xcassets in Resources */ = {isa = PBXBuildFile; fileRef = 4BD453DD1BDAB27F00E5F8A6 /* Assets.xcassets */; };
		4BD453E11BDAB27F00E5F8A6 /* Main.storyboard in Resources */ = {isa = PBXBuildFile; fileRef = 4BD453DF1BDAB27F00E5F8A6 /* Main.storyboard */; };
		4BD453EC1BDAB27F00E5F8A6 /* SimpleJarBundlerTests.swift in Sources */ = {isa = PBXBuildFile; fileRef = 4BD453EB1BDAB27F00E5F8A6 /* SimpleJarBundlerTests.swift */; };
		4BD453F71BDAB27F00E5F8A6 /* SimpleJarBundlerUITests.swift in Sources */ = {isa = PBXBuildFile; fileRef = 4BD453F61BDAB27F00E5F8A6 /* SimpleJarBundlerUITests.swift */; };
		4BD454081BDB987800E5F8A6 /* sjb.pl in Resources */ = {isa = PBXBuildFile; fileRef = 4BD454071BDB987800E5F8A6 /* sjb.pl */; };
/* End PBXBuildFile section */

/* Begin PBXContainerItemProxy section */
		4BD453E81BDAB27F00E5F8A6 /* PBXContainerItemProxy */ = {
			isa = PBXContainerItemProxy;
			containerPortal = 4BD453CE1BDAB27F00E5F8A6 /* Project object */;
			proxyType = 1;
			remoteGlobalIDString = 4BD453D51BDAB27F00E5F8A6;
			remoteInfo = SimpleJarBundler;
		};
		4BD453F31BDAB27F00E5F8A6 /* PBXContainerItemProxy */ = {
			isa = PBXContainerItemProxy;
			containerPortal = 4BD453CE1BDAB27F00E5F8A6 /* Project object */;
			proxyType = 1;
			remoteGlobalIDString = 4BD453D51BDAB27F00E5F8A6;
			remoteInfo = SimpleJarBundler;
		};
/* End PBXContainerItemProxy section */

/* Begin PBXFileReference section */
		4BBADC821BE267D3008D1B2C /* SimpleJarBundler.entitlements */ = {isa = PBXFileReference; lastKnownFileType = text.xml; path = SimpleJarBundler.entitlements; sourceTree = "<group>"; };
		4BBADC831BE27F5E008D1B2C /* JavaApplicationStub.zip */ = {isa = PBXFileReference; lastKnownFileType = archive.zip; path = JavaApplicationStub.zip; sourceTree = "<group>"; };
		4BD453D61BDAB27F00E5F8A6 /* SimpleJarBundler.app */ = {isa = PBXFileReference; explicitFileType = wrapper.application; includeInIndex = 0; path = SimpleJarBundler.app; sourceTree = BUILT_PRODUCTS_DIR; };
		4BD453D91BDAB27F00E5F8A6 /* AppDelegate.swift */ = {isa = PBXFileReference; lastKnownFileType = sourcecode.swift; path = AppDelegate.swift; sourceTree = "<group>"; };
		4BD453DB1BDAB27F00E5F8A6 /* ViewController.swift */ = {isa = PBXFileReference; lastKnownFileType = sourcecode.swift; path = ViewController.swift; sourceTree = "<group>"; };
		4BD453DD1BDAB27F00E5F8A6 /* Assets.xcassets */ = {isa = PBXFileReference; lastKnownFileType = folder.assetcatalog; path = Assets.xcassets; sourceTree = "<group>"; };
		4BD453E01BDAB27F00E5F8A6 /* Base */ = {isa = PBXFileReference; lastKnownFileType = file.storyboard; name = Base; path = Base.lproj/Main.storyboard; sourceTree = "<group>"; };
		4BD453E21BDAB27F00E5F8A6 /* Info.plist */ = {isa = PBXFileReference; lastKnownFileType = text.plist.xml; path = Info.plist; sourceTree = "<group>"; };
		4BD453E71BDAB27F00E5F8A6 /* SimpleJarBundlerTests.xctest */ = {isa = PBXFileReference; explicitFileType = wrapper.cfbundle; includeInIndex = 0; path = SimpleJarBundlerTests.xctest; sourceTree = BUILT_PRODUCTS_DIR; };
		4BD453EB1BDAB27F00E5F8A6 /* SimpleJarBundlerTests.swift */ = {isa = PBXFileReference; lastKnownFileType = sourcecode.swift; path = SimpleJarBundlerTests.swift; sourceTree = "<group>"; };
		4BD453ED1BDAB27F00E5F8A6 /* Info.plist */ = {isa = PBXFileReference; lastKnownFileType = text.plist.xml; path = Info.plist; sourceTree = "<group>"; };
		4BD453F21BDAB27F00E5F8A6 /* SimpleJarBundlerUITests.xctest */ = {isa = PBXFileReference; explicitFileType = wrapper.cfbundle; includeInIndex = 0; path = SimpleJarBundlerUITests.xctest; sourceTree = BUILT_PRODUCTS_DIR; };
		4BD453F61BDAB27F00E5F8A6 /* SimpleJarBundlerUITests.swift */ = {isa = PBXFileReference; lastKnownFileType = sourcecode.swift; path = SimpleJarBundlerUITests.swift; sourceTree = "<group>"; };
		4BD453F81BDAB27F00E5F8A6 /* Info.plist */ = {isa = PBXFileReference; lastKnownFileType = text.plist.xml; path = Info.plist; sourceTree = "<group>"; };
		4BD454071BDB987800E5F8A6 /* sjb.pl */ = {isa = PBXFileReference; fileEncoding = 4; lastKnownFileType = text.script.perl; path = sjb.pl; sourceTree = "<group>"; };
/* End PBXFileReference section */

/* Begin PBXFrameworksBuildPhase section */
		4BD453D31BDAB27F00E5F8A6 /* Frameworks */ = {
			isa = PBXFrameworksBuildPhase;
			buildActionMask = 2147483647;
			files = (
			);
			runOnlyForDeploymentPostprocessing = 0;
		};
		4BD453E41BDAB27F00E5F8A6 /* Frameworks */ = {
			isa = PBXFrameworksBuildPhase;
			buildActionMask = 2147483647;
			files = (
			);
			runOnlyForDeploymentPostprocessing = 0;
		};
		4BD453EF1BDAB27F00E5F8A6 /* Frameworks */ = {
			isa = PBXFrameworksBuildPhase;
			buildActionMask = 2147483647;
			files = (
			);
			runOnlyForDeploymentPostprocessing = 0;
		};
/* End PBXFrameworksBuildPhase section */

/* Begin PBXGroup section */
		4BD453CD1BDAB27F00E5F8A6 = {
			isa = PBXGroup;
			children = (
				4BD453D81BDAB27F00E5F8A6 /* SimpleJarBundler */,
				4BD453EA1BDAB27F00E5F8A6 /* SimpleJarBundlerTests */,
				4BD453F51BDAB27F00E5F8A6 /* SimpleJarBundlerUITests */,
				4BD453D71BDAB27F00E5F8A6 /* Products */,
			);
			sourceTree = "<group>";
		};
		4BD453D71BDAB27F00E5F8A6 /* Products */ = {
			isa = PBXGroup;
			children = (
				4BD453D61BDAB27F00E5F8A6 /* SimpleJarBundler.app */,
				4BD453E71BDAB27F00E5F8A6 /* SimpleJarBundlerTests.xctest */,
				4BD453F21BDAB27F00E5F8A6 /* SimpleJarBundlerUITests.xctest */,
			);
			name = Products;
			sourceTree = "<group>";
		};
		4BD453D81BDAB27F00E5F8A6 /* SimpleJarBundler */ = {
			isa = PBXGroup;
			children = (
				4BBADC821BE267D3008D1B2C /* SimpleJarBundler.entitlements */,
				4BD454091BDB9EF200E5F8A6 /* Binary */,
				4BD454061BDB97DD00E5F8A6 /* Perl */,
				4BD453D91BDAB27F00E5F8A6 /* AppDelegate.swift */,
				4BD453DB1BDAB27F00E5F8A6 /* ViewController.swift */,
				4BD453DD1BDAB27F00E5F8A6 /* Assets.xcassets */,
				4BD453DF1BDAB27F00E5F8A6 /* Main.storyboard */,
				4BD453E21BDAB27F00E5F8A6 /* Info.plist */,
			);
			path = SimpleJarBundler;
			sourceTree = "<group>";
		};
		4BD453EA1BDAB27F00E5F8A6 /* SimpleJarBundlerTests */ = {
			isa = PBXGroup;
			children = (
				4BD453EB1BDAB27F00E5F8A6 /* SimpleJarBundlerTests.swift */,
				4BD453ED1BDAB27F00E5F8A6 /* Info.plist */,
			);
			path = SimpleJarBundlerTests;
			sourceTree = "<group>";
		};
		4BD453F51BDAB27F00E5F8A6 /* SimpleJarBundlerUITests */ = {
			isa = PBXGroup;
			children = (
				4BD453F61BDAB27F00E5F8A6 /* SimpleJarBundlerUITests.swift */,
				4BD453F81BDAB27F00E5F8A6 /* Info.plist */,
			);
			path = SimpleJarBundlerUITests;
			sourceTree = "<group>";
		};
		4BD454061BDB97DD00E5F8A6 /* Perl */ = {
			isa = PBXGroup;
			children = (
				4BD454071BDB987800E5F8A6 /* sjb.pl */,
			);
			name = Perl;
			sourceTree = "<group>";
		};
		4BD454091BDB9EF200E5F8A6 /* Binary */ = {
			isa = PBXGroup;
			children = (
				4BBADC831BE27F5E008D1B2C /* JavaApplicationStub.zip */,
			);
			name = Binary;
			sourceTree = "<group>";
		};
/* End PBXGroup section */

/* Begin PBXNativeTarget section */
		4BD453D51BDAB27F00E5F8A6 /* SimpleJarBundler */ = {
			isa = PBXNativeTarget;
			buildConfigurationList = 4BD453FB1BDAB27F00E5F8A6 /* Build configuration list for PBXNativeTarget "SimpleJarBundler" */;
			buildPhases = (
				4BD453D21BDAB27F00E5F8A6 /* Sources */,
				4BD453D31BDAB27F00E5F8A6 /* Frameworks */,
				4BD453D41BDAB27F00E5F8A6 /* Resources */,
			);
			buildRules = (
			);
			dependencies = (
			);
			name = SimpleJarBundler;
			productName = SimpleJarBundler;
			productReference = 4BD453D61BDAB27F00E5F8A6 /* SimpleJarBundler.app */;
			productType = "com.apple.product-type.application";
		};
		4BD453E61BDAB27F00E5F8A6 /* SimpleJarBundlerTests */ = {
			isa = PBXNativeTarget;
			buildConfigurationList = 4BD453FE1BDAB27F00E5F8A6 /* Build configuration list for PBXNativeTarget "SimpleJarBundlerTests" */;
			buildPhases = (
				4BD453E31BDAB27F00E5F8A6 /* Sources */,
				4BD453E41BDAB27F00E5F8A6 /* Frameworks */,
				4BD453E51BDAB27F00E5F8A6 /* Resources */,
			);
			buildRules = (
			);
			dependencies = (
				4BD453E91BDAB27F00E5F8A6 /* PBXTargetDependency */,
			);
			name = SimpleJarBundlerTests;
			productName = SimpleJarBundlerTests;
			productReference = 4BD453E71BDAB27F00E5F8A6 /* SimpleJarBundlerTests.xctest */;
			productType = "com.apple.product-type.bundle.unit-test";
		};
		4BD453F11BDAB27F00E5F8A6 /* SimpleJarBundlerUITests */ = {
			isa = PBXNativeTarget;
			buildConfigurationList = 4BD454011BDAB27F00E5F8A6 /* Build configuration list for PBXNativeTarget "SimpleJarBundlerUITests" */;
			buildPhases = (
				4BD453EE1BDAB27F00E5F8A6 /* Sources */,
				4BD453EF1BDAB27F00E5F8A6 /* Frameworks */,
				4BD453F01BDAB27F00E5F8A6 /* Resources */,
			);
			buildRules = (
			);
			dependencies = (
				4BD453F41BDAB27F00E5F8A6 /* PBXTargetDependency */,
			);
			name = SimpleJarBundlerUITests;
			productName = SimpleJarBundlerUITests;
			productReference = 4BD453F21BDAB27F00E5F8A6 /* SimpleJarBundlerUITests.xctest */;
			productType = "com.apple.product-type.bundle.ui-testing";
		};
/* End PBXNativeTarget section */

/* Begin PBXProject section */
		4BD453CE1BDAB27F00E5F8A6 /* Project object */ = {
			isa = PBXProject;
			attributes = {
				LastSwiftUpdateCheck = 0710;
				LastUpgradeCheck = 0710;
				ORGANIZATIONNAME = "Yu Chen";
				TargetAttributes = {
					4BD453D51BDAB27F00E5F8A6 = {
						CreatedOnToolsVersion = 7.1;
						DevelopmentTeam = DVK9CUW8Q7;
						SystemCapabilities = {
							com.apple.ApplicationGroups.Mac = {
								enabled = 0;
							};
							com.apple.Sandbox = {
								enabled = 0;
							};
						};
					};
					4BD453E61BDAB27F00E5F8A6 = {
						CreatedOnToolsVersion = 7.1;
						TestTargetID = 4BD453D51BDAB27F00E5F8A6;
					};
					4BD453F11BDAB27F00E5F8A6 = {
						CreatedOnToolsVersion = 7.1;
						TestTargetID = 4BD453D51BDAB27F00E5F8A6;
					};
				};
			};
			buildConfigurationList = 4BD453D11BDAB27F00E5F8A6 /* Build configuration list for PBXProject "SimpleJarBundler" */;
			compatibilityVersion = "Xcode 3.2";
			developmentRegion = English;
			hasScannedForEncodings = 0;
			knownRegions = (
				en,
				Base,
			);
			mainGroup = 4BD453CD1BDAB27F00E5F8A6;
			productRefGroup = 4BD453D71BDAB27F00E5F8A6 /* Products */;
			projectDirPath = "";
			projectRoot = "";
			targets = (
				4BD453D51BDAB27F00E5F8A6 /* SimpleJarBundler */,
				4BD453E61BDAB27F00E5F8A6 /* SimpleJarBundlerTests */,
				4BD453F11BDAB27F00E5F8A6 /* SimpleJarBundlerUITests */,
			);
		};
/* End PBXProject section */

/* Begin PBXResourcesBuildPhase section */
		4BD453D41BDAB27F00E5F8A6 /* Resources */ = {
			isa = PBXResourcesBuildPhase;
			buildActionMask = 2147483647;
			files = (
				4BBADC841BE27F5E008D1B2C /* JavaApplicationStub.zip in Resources */,
				4BD453DE1BDAB27F00E5F8A6 /* Assets.xcassets in Resources */,
				4BD453E11BDAB27F00E5F8A6 /* Main.storyboard in Resources */,
				4BD454081BDB987800E5F8A6 /* sjb.pl in Resources */,
			);
			runOnlyForDeploymentPostprocessing = 0;
		};
		4BD453E51BDAB27F00E5F8A6 /* Resources */ = {
			isa = PBXResourcesBuildPhase;
			buildActionMask = 2147483647;
			files = (
			);
			runOnlyForDeploymentPostprocessing = 0;
		};
		4BD453F01BDAB27F00E5F8A6 /* Resources */ = {
			isa = PBXResourcesBuildPhase;
			buildActionMask = 2147483647;
			files = (
			);
			runOnlyForDeploymentPostprocessing = 0;
		};
/* End PBXResourcesBuildPhase section */

/* Begin PBXSourcesBuildPhase section */
		4BD453D21BDAB27F00E5F8A6 /* Sources */ = {
			isa = PBXSourcesBuildPhase;
			buildActionMask = 2147483647;
			files = (
				4BD453DC1BDAB27F00E5F8A6 /* ViewController.swift in Sources */,
				4BD453DA1BDAB27F00E5F8A6 /* AppDelegate.swift in Sources */,
			);
			runOnlyForDeploymentPostprocessing = 0;
		};
		4BD453E31BDAB27F00E5F8A6 /* Sources */ = {
			isa = PBXSourcesBuildPhase;
			buildActionMask = 2147483647;
			files = (
				4BD453EC1BDAB27F00E5F8A6 /* SimpleJarBundlerTests.swift in Sources */,
			);
			runOnlyForDeploymentPostprocessing = 0;
		};
		4BD453EE1BDAB27F00E5F8A6 /* Sources */ = {
			isa = PBXSourcesBuildPhase;
			buildActionMask = 2147483647;
			files = (
				4BD453F71BDAB27F00E5F8A6 /* SimpleJarBundlerUITests.swift in Sources */,
			);
			runOnlyForDeploymentPostprocessing = 0;
		};
/* End PBXSourcesBuildPhase section */

/* Begin PBXTargetDependency section */
		4BD453E91BDAB27F00E5F8A6 /* PBXTargetDependency */ = {
			isa = PBXTargetDependency;
			target = 4BD453D51BDAB27F00E5F8A6 /* SimpleJarBundler */;
			targetProxy = 4BD453E81BDAB27F00E5F8A6 /* PBXContainerItemProxy */;
		};
		4BD453F41BDAB27F00E5F8A6 /* PBXTargetDependency */ = {
			isa = PBXTargetDependency;
			target = 4BD453D51BDAB27F00E5F8A6 /* SimpleJarBundler */;
			targetProxy = 4BD453F31BDAB27F00E5F8A6 /* PBXContainerItemProxy */;
		};
/* End PBXTargetDependency section */

/* Begin PBXVariantGroup section */
		4BD453DF1BDAB27F00E5F8A6 /* Main.storyboard */ = {
			isa = PBXVariantGroup;
			children = (
				4BD453E01BDAB27F00E5F8A6 /* Base */,
			);
			name = Main.storyboard;
			sourceTree = "<group>";
		};
/* End PBXVariantGroup section */

/* Begin XCBuildConfiguration section */
		4BD453F91BDAB27F00E5F8A6 /* Debug */ = {
			isa = XCBuildConfiguration;
			buildSettings = {
				ALWAYS_SEARCH_USER_PATHS = NO;
				CLANG_CXX_LANGUAGE_STANDARD = "gnu++0x";
				CLANG_CXX_LIBRARY = "libc++";
				CLANG_ENABLE_MODULES = YES;
				CLANG_ENABLE_OBJC_ARC = YES;
				CLANG_WARN_BOOL_CONVERSION = YES;
				CLANG_WARN_CONSTANT_CONVERSION = YES;
				CLANG_WARN_DIRECT_OBJC_ISA_USAGE = YES_ERROR;
				CLANG_WARN_EMPTY_BODY = YES;
				CLANG_WARN_ENUM_CONVERSION = YES;
				CLANG_WARN_INT_CONVERSION = YES;
				CLANG_WARN_OBJC_ROOT_CLASS = YES_ERROR;
				CLANG_WARN_UNREACHABLE_CODE = YES;
				CLANG_WARN__DUPLICATE_METHOD_MATCH = YES;
				CODE_SIGN_IDENTITY = "-";
				COPY_PHASE_STRIP = NO;
				DEBUG_INFORMATION_FORMAT = dwarf;
				ENABLE_STRICT_OBJC_MSGSEND = YES;
				ENABLE_TESTABILITY = YES;
				GCC_C_LANGUAGE_STANDARD = gnu99;
				GCC_DYNAMIC_NO_PIC = NO;
				GCC_NO_COMMON_BLOCKS = YES;
				GCC_OPTIMIZATION_LEVEL = 0;
				GCC_PREPROCESSOR_DEFINITIONS = (
					"DEBUG=1",
					"$(inherited)",
				);
				GCC_WARN_64_TO_32_BIT_CONVERSION = YES;
				GCC_WARN_ABOUT_RETURN_TYPE = YES_ERROR;
				GCC_WARN_UNDECLARED_SELECTOR = YES;
				GCC_WARN_UNINITIALIZED_AUTOS = YES_AGGRESSIVE;
				GCC_WARN_UNUSED_FUNCTION = YES;
				GCC_WARN_UNUSED_VARIABLE = YES;
				MACOSX_DEPLOYMENT_TARGET = 10.11;
				MTL_ENABLE_DEBUG_INFO = YES;
				ONLY_ACTIVE_ARCH = YES;
				SDKROOT = macosx;
				SWIFT_OPTIMIZATION_LEVEL = "-Onone";
			};
			name = Debug;
		};
		4BD453FA1BDAB27F00E5F8A6 /* Release */ = {
			isa = XCBuildConfiguration;
			buildSettings = {
				ALWAYS_SEARCH_USER_PATHS = NO;
				CLANG_CXX_LANGUAGE_STANDARD = "gnu++0x";
				CLANG_CXX_LIBRARY = "libc++";
				CLANG_ENABLE_MODULES = YES;
				CLANG_ENABLE_OBJC_ARC = YES;
				CLANG_WARN_BOOL_CONVERSION = YES;
				CLANG_WARN_CONSTANT_CONVERSION = YES;
				CLANG_WARN_DIRECT_OBJC_ISA_USAGE = YES_ERROR;
				CLANG_WARN_EMPTY_BODY = YES;
				CLANG_WARN_ENUM_CONVERSION = YES;
				CLANG_WARN_INT_CONVERSION = YES;
				CLANG_WARN_OBJC_ROOT_CLASS = YES_ERROR;
				CLANG_WARN_UNREACHABLE_CODE = YES;
				CLANG_WARN__DUPLICATE_METHOD_MATCH = YES;
				CODE_SIGN_IDENTITY = "-";
				COPY_PHASE_STRIP = NO;
				DEBUG_INFORMATION_FORMAT = "dwarf-with-dsym";
				ENABLE_NS_ASSERTIONS = NO;
				ENABLE_STRICT_OBJC_MSGSEND = YES;
				GCC_C_LANGUAGE_STANDARD = gnu99;
				GCC_NO_COMMON_BLOCKS = YES;
				GCC_WARN_64_TO_32_BIT_CONVERSION = YES;
				GCC_WARN_ABOUT_RETURN_TYPE = YES_ERROR;
				GCC_WARN_UNDECLARED_SELECTOR = YES;
				GCC_WARN_UNINITIALIZED_AUTOS = YES_AGGRESSIVE;
				GCC_WARN_UNUSED_FUNCTION = YES;
				GCC_WARN_UNUSED_VARIABLE = YES;
				MACOSX_DEPLOYMENT_TARGET = 10.11;
				MTL_ENABLE_DEBUG_INFO = NO;
				SDKROOT = macosx;
			};
			name = Release;
		};
		4BD453FC1BDAB27F00E5F8A6 /* Debug */ = {
			isa = XCBuildConfiguration;
			buildSettings = {
				ASSETCATALOG_COMPILER_APPICON_NAME = AppIcon;
				CODE_SIGN_ENTITLEMENTS = SimpleJarBundler/SimpleJarBundler.entitlements;
				CODE_SIGN_IDENTITY = "Mac Developer";
				"CODE_SIGN_IDENTITY[sdk=macosx*]" = "Mac Developer";
				COMBINE_HIDPI_IMAGES = YES;
				INFOPLIST_FILE = SimpleJarBundler/Info.plist;
				LD_RUNPATH_SEARCH_PATHS = "$(inherited) @executable_path/../Frameworks";
				PRODUCT_BUNDLE_IDENTIFIER = news.chen.yu.SimpleJarBundler;
				PRODUCT_NAME = "$(TARGET_NAME)";
				PROVISIONING_PROFILE = "";
			};
			name = Debug;
		};
		4BD453FD1BDAB27F00E5F8A6 /* Release */ = {
			isa = XCBuildConfiguration;
			buildSettings = {
				ASSETCATALOG_COMPILER_APPICON_NAME = AppIcon;
				CODE_SIGN_ENTITLEMENTS = SimpleJarBundler/SimpleJarBundler.entitlements;
				CODE_SIGN_IDENTITY = "Mac Developer";
				"CODE_SIGN_IDENTITY[sdk=macosx*]" = "Mac Developer";
				COMBINE_HIDPI_IMAGES = YES;
				INFOPLIST_FILE = SimpleJarBundler/Info.plist;
				LD_RUNPATH_SEARCH_PATHS = "$(inherited) @executable_path/../Frameworks";
				PRODUCT_BUNDLE_IDENTIFIER = news.chen.yu.SimpleJarBundler;
				PRODUCT_NAME = "$(TARGET_NAME)";
				PROVISIONING_PROFILE = "";
			};
			name = Release;
		};
		4BD453FF1BDAB27F00E5F8A6 /* Debug */ = {
			isa = XCBuildConfiguration;
			buildSettings = {
				BUNDLE_LOADER = "$(TEST_HOST)";
				COMBINE_HIDPI_IMAGES = YES;
				INFOPLIST_FILE = SimpleJarBundlerTests/Info.plist;
				LD_RUNPATH_SEARCH_PATHS = "$(inherited) @executable_path/../Frameworks @loader_path/../Frameworks";
				PRODUCT_BUNDLE_IDENTIFIER = news.chen.yu.SimpleJarBundlerTests;
				PRODUCT_NAME = "$(TARGET_NAME)";
				TEST_HOST = "$(BUILT_PRODUCTS_DIR)/SimpleJarBundler.app/Contents/MacOS/SimpleJarBundler";
			};
			name = Debug;
		};
		4BD454001BDAB27F00E5F8A6 /* Release */ = {
			isa = XCBuildConfiguration;
			buildSettings = {
				BUNDLE_LOADER = "$(TEST_HOST)";
				COMBINE_HIDPI_IMAGES = YES;
				INFOPLIST_FILE = SimpleJarBundlerTests/Info.plist;
				LD_RUNPATH_SEARCH_PATHS = "$(inherited) @executable_path/../Frameworks @loader_path/../Frameworks";
				PRODUCT_BUNDLE_IDENTIFIER = news.chen.yu.SimpleJarBundlerTests;
				PRODUCT_NAME = "$(TARGET_NAME)";
				TEST_HOST = "$(BUILT_PRODUCTS_DIR)/SimpleJarBundler.app/Contents/MacOS/SimpleJarBundler";
			};
			name = Release;
		};
		4BD454021BDAB27F00E5F8A6 /* Debug */ = {
			isa = XCBuildConfiguration;
			buildSettings = {
				COMBINE_HIDPI_IMAGES = YES;
				INFOPLIST_FILE = SimpleJarBundlerUITests/Info.plist;
				LD_RUNPATH_SEARCH_PATHS = "$(inherited) @executable_path/../Frameworks @loader_path/../Frameworks";
				PRODUCT_BUNDLE_IDENTIFIER = news.chen.yu.SimpleJarBundlerUITests;
				PRODUCT_NAME = "$(TARGET_NAME)";
				TEST_TARGET_NAME = SimpleJarBundler;
				USES_XCTRUNNER = YES;
			};
			name = Debug;
		};
		4BD454031BDAB27F00E5F8A6 /* Release */ = {
			isa = XCBuildConfiguration;
			buildSettings = {
				COMBINE_HIDPI_IMAGES = YES;
				INFOPLIST_FILE = SimpleJarBundlerUITests/Info.plist;
				LD_RUNPATH_SEARCH_PATHS = "$(inherited) @executable_path/../Frameworks @loader_path/../Frameworks";
				PRODUCT_BUNDLE_IDENTIFIER = news.chen.yu.SimpleJarBundlerUITests;
				PRODUCT_NAME = "$(TARGET_NAME)";
				TEST_TARGET_NAME = SimpleJarBundler;
				USES_XCTRUNNER = YES;
			};
			name = Release;
		};
/* End XCBuildConfiguration section */

/* Begin XCConfigurationList section */
		4BD453D11BDAB27F00E5F8A6 /* Build configuration list for PBXProject "SimpleJarBundler" */ = {
			isa = XCConfigurationList;
			buildConfigurations = (
				4BD453F91BDAB27F00E5F8A6 /* Debug */,
				4BD453FA1BDAB27F00E5F8A6 /* Release */,
			);
			defaultConfigurationIsVisible = 0;
			defaultConfigurationName = Release;
		};
		4BD453FB1BDAB27F00E5F8A6 /* Build configuration list for PBXNativeTarget "SimpleJarBundler" */ = {
			isa = XCConfigurationList;
			buildConfigurations = (
				4BD453FC1BDAB27F00E5F8A6 /* Debug */,
				4BD453FD1BDAB27F00E5F8A6 /* Release */,
			);
			defaultConfigurationIsVisible = 0;
			defaultConfigurationName = Release;
		};
		4BD453FE1BDAB27F00E5F8A6 /* Build configuration list for PBXNativeTarget "SimpleJarBundlerTests" */ = {
			isa = XCConfigurationList;
			buildConfigurations = (
				4BD453FF1BDAB27F00E5F8A6 /* Debug */,
				4BD454001BDAB27F00E5F8A6 /* Release */,
			);
			defaultConfigurationIsVisible = 0;
			defaultConfigurationName = Release;
		};
		4BD454011BDAB27F00E5F8A6 /* Build configuration list for PBXNativeTarget "SimpleJarBundlerUITests" */ = {
			isa = XCConfigurationList;
			buildConfigurations = (
				4BD454021BDAB27F00E5F8A6 /* Debug */,
				4BD454031BDAB27F00E5F8A6 /* Release */,
			);
			defaultConfigurationIsVisible = 0;
			defaultConfigurationName = Release;
		};
/* End XCConfigurationList section */
	};
	rootObject = 4BD453CE1BDAB27F00E5F8A6 /* Project object */;
}
